
Microsoft Visual Studio Solution File, Format Version 12.00
# Visual Studio Version 17
VisualStudioVersion = 17.13.35806.99 d17.13
MinimumVisualStudioVersion = 10.0.40219.1
Project("{FAE04EC0-301F-11D3-BF4B-00C04F79EFBC}") = "cv03", "cv03\cv03.csproj", "{A17CD61B-4C3E-4F00-9464-D0036CDEF32A}"
EndProject
Global
	GlobalSection(SolutionConfigurationPlatforms) = preSolution
		Debug|Any CPU = Debug|Any CPU
		Release|Any CPU = Release|Any CPU
	EndGlobalSection
	GlobalSection(ProjectConfigurationPlatforms) = postSolution
		{A17CD61B-4C3E-4F00-9464-D0036CDEF32A}.Debug|Any CPU.ActiveCfg = Debug|Any CPU
		{A17CD61B-4C3E-4F00-9464-D0036CDEF32A}.Debug|Any CPU.Build.0 = Debug|Any CPU
		{A17CD61B-4C3E-4F00-9464-D0036CDEF32A}.Release|Any CPU.ActiveCfg = Release|Any CPU
		{A17CD61B-4C3E-4F00-9464-D0036CDEF32A}.Release|Any CPU.Build.0 = Release|Any CPU
	EndGlobalSection
	GlobalSection(SolutionProperties) = preSolution
		HideSolutionNode = FALSE
	EndGlobalSection
	GlobalSection(ExtensibilityGlobals) = postSolution
		SolutionGuid = {3A0EBC05-1C6D-479B-8B48-C55197690C95}
	EndGlobalSection
EndGlobal
